
Microsoft Visual Studio Solution File, Format Version 12.00
# Visual Studio Version 16
VisualStudioVersion = 16.0.28922.388
MinimumVisualStudioVersion = 10.0.40219.1
Project("{FAE04EC0-301F-11D3-BF4B-00C04F79EFBC}") = "HettyTools", "HettyTools\HettyTools.csproj", "{9A835429-B0AD-4574-B68D-75A9005A622B}"
EndProject
Global
	GlobalSection(SolutionConfigurationPlatforms) = preSolution
		Debug|x64 = Debug|x64
		Debug|x86 = Debug|x86
		Release|x64 = Release|x64
		Release|x86 = Release|x86
	EndGlobalSection
	GlobalSection(ProjectConfigurationPlatforms) = postSolution
		{9A835429-B0AD-4574-B68D-75A9005A622B}.Debug|x64.ActiveCfg = Debug|x64
		{9A835429-B0AD-4574-B68D-75A9005A622B}.Debug|x64.Build.0 = Debug|x64
		{9A835429-B0AD-4574-B68D-75A9005A622B}.Debug|x86.ActiveCfg = Debug|x86
		{9A835429-B0AD-4574-B68D-75A9005A622B}.Debug|x86.Build.0 = Debug|x86
		{9A835429-B0AD-4574-B68D-75A9005A622B}.Release|x64.ActiveCfg = Release|x64
		{9A835429-B0AD-4574-B68D-75A9005A622B}.Release|x64.Build.0 = Release|x64
		{9A835429-B0AD-4574-B68D-75A9005A622B}.Release|x86.ActiveCfg = Release|x86
		{9A835429-B0AD-4574-B68D-75A9005A622B}.Release|x86.Build.0 = Release|x86
	EndGlobalSection
	GlobalSection(SolutionProperties) = preSolution
		HideSolutionNode = FALSE
	EndGlobalSection
	GlobalSection(ExtensibilityGlobals) = postSolution
		SolutionGuid = {3F355976-84DF-422B-95B6-6AA8FBF9AAA5}
	EndGlobalSection
EndGlobal
